// !$*UTF8*$!
{
	archiveVersion = 1;
	classes = {
	};
	objectVersion = 46;
	objects = {

/* Begin PBXBuildFile section */
		8284C6C41E52D3B900024E05 /* AppDelegate.swift in Sources */ = {isa = PBXBuildFile; fileRef = 8284C6C31E52D3B900024E05 /* AppDelegate.swift */; };
		8284C6C61E52D3B900024E05 /* ViewController.swift in Sources */ = {isa = PBXBuildFile; fileRef = 8284C6C51E52D3B900024E05 /* ViewController.swift */; };
		8284C6C91E52D3B900024E05 /* Main.storyboard in Resources */ = {isa = PBXBuildFile; fileRef = 8284C6C71E52D3B900024E05 /* Main.storyboard */; };
		8284C6CB1E52D3BA00024E05 /* Assets.xcassets in Resources */ = {isa = PBXBuildFile; fileRef = 8284C6CA1E52D3BA00024E05 /* Assets.xcassets */; };
		8284C6CE1E52D3BA00024E05 /* LaunchScreen.storyboard in Resources */ = {isa = PBXBuildFile; fileRef = 8284C6CC1E52D3BA00024E05 /* LaunchScreen.storyboard */; };
/* End PBXBuildFile section */

/* Begin PBXFileReference section */
		8284C6C01E52D3B900024E05 /* ActionSheetDemo.app */ = {isa = PBXFileReference; explicitFileType = wrapper.application; includeInIndex = 0; path = ActionSheetDemo.app; sourceTree = BUILT_PRODUCTS_DIR; };
		8284C6C31E52D3B900024E05 /* AppDelegate.swift */ = {isa = PBXFileReference; lastKnownFileType = sourcecode.swift; path = AppDelegate.swift; sourceTree = "<group>"; };
		8284C6C51E52D3B900024E05 /* ViewController.swift */ = {isa = PBXFileReference; lastKnownFileType = sourcecode.swift; path = ViewController.swift; sourceTree = "<group>"; };
		8284C6C81E52D3B900024E05 /* Base */ = {isa = PBXFileReference; lastKnownFileType = file.storyboard; name = Base; path = Base.lproj/Main.storyboard; sourceTree = "<group>"; };
		8284C6CA1E52D3BA00024E05 /* Assets.xcassets */ = {isa = PBXFileReference; lastKnownFileType = folder.assetcatalog; path = Assets.xcassets; sourceTree = "<group>"; };
		8284C6CD1E52D3BA00024E05 /* Base */ = {isa = PBXFileReference; lastKnownFileType = file.storyboard; name = Base; path = Base.lproj/LaunchScreen.storyboard; sourceTree = "<group>"; };
		8284C6CF1E52D3BA00024E05 /* Info.plist */ = {isa = PBXFileReference; lastKnownFileType = text.plist.xml; path = Info.plist; sourceTree = "<group>"; };
/* End PBXFileReference section */

/* Begin PBXFrameworksBuildPhase section */
		8284C6BD1E52D3B900024E05 /* Frameworks */ = {
			isa = PBXFrameworksBuildPhase;
			buildActionMask = 2147483647;
			files = (
			);
			runOnlyForDeploymentPostprocessing = 0;
		};
/* End PBXFrameworksBuildPhase section */

/* Begin PBXGroup section */
		8284C6B71E52D3B900024E05 = {
			isa = PBXGroup;
			children = (
				8284C6C21E52D3B900024E05 /* ActionSheetDemo */,
				8284C6C11E52D3B900024E05 /* Products */,
			);
			sourceTree = "<group>";
		};
		8284C6C11E52D3B900024E05 /* Products */ = {
			isa = PBXGroup;
			children = (
				8284C6C01E52D3B900024E05 /* ActionSheetDemo.app */,
			);
			name = Products;
			sourceTree = "<group>";
		};
		8284C6C21E52D3B900024E05 /* ActionSheetDemo */ = {
			isa = PBXGroup;
			children = (
				8284C6C31E52D3B900024E05 /* AppDelegate.swift */,
				8284C6C51E52D3B900024E05 /* ViewController.swift */,
				8284C6C71E52D3B900024E05 /* Main.storyboard */,
				8284C6CA1E52D3BA00024E05 /* Assets.xcassets */,
				8284C6CC1E52D3BA00024E05 /* LaunchScreen.storyboard */,
				8284C6CF1E52D3BA00024E05 /* Info.plist */,
			);
			path = ActionSheetDemo;
			sourceTree = "<group>";
		};
/* End PBXGroup section */

/* Begin PBXNativeTarget section */
		8284C6BF1E52D3B900024E05 /* ActionSheetDemo */ = {
			isa = PBXNativeTarget;
			buildConfigurationList = 8284C6D21E52D3BA00024E05 /* Build configuration list for PBXNativeTarget "ActionSheetDemo" */;
			buildPhases = (
				8284C6BC1E52D3B900024E05 /* Sources */,
				8284C6BD1E52D3B900024E05 /* Frameworks */,
				8284C6BE1E52D3B900024E05 /* Resources */,
			);
			buildRules = (
			);
			dependencies = (
			);
			name = ActionSheetDemo;
			productName = ActionSheetDemo;
			productReference = 8284C6C01E52D3B900024E05 /* ActionSheetDemo.app */;
			productType = "com.apple.product-type.application";
		};
/* End PBXNativeTarget section */

/* Begin PBXProject section */
		8284C6B81E52D3B900024E05 /* Project object */ = {
			isa = PBXProject;
			attributes = {
				LastSwiftUpdateCheck = 0820;
				LastUpgradeCheck = 0820;
				ORGANIZATIONNAME = "Uday Jain";
				TargetAttributes = {
					8284C6BF1E52D3B900024E05 = {
						CreatedOnToolsVersion = 8.2.1;
						DevelopmentTeam = H5628LJ336;
						ProvisioningStyle = Automatic;
					};
				};
			};
			buildConfigurationList = 8284C6BB1E52D3B900024E05 /* Build configuration list for PBXProject "ActionSheetDemo" */;
			compatibilityVersion = "Xcode 3.2";
			developmentRegion = English;
			hasScannedForEncodings = 0;
			knownRegions = (
				en,
				Base,
			);
			mainGroup = 8284C6B71E52D3B900024E05;
			productRefGroup = 8284C6C11E52D3B900024E05 /* Products */;
			projectDirPath = "";
			projectRoot = "";
			targets = (
				8284C6BF1E52D3B900024E05 /* ActionSheetDemo */,
			);
		};
/* End PBXProject section */

/* Begin PBXResourcesBuildPhase section */
		8284C6BE1E52D3B900024E05 /* Resources */ = {
			isa = PBXResourcesBuildPhase;
			buildActionMask = 2147483647;
			files = (
				8284C6CE1E52D3BA00024E05 /* LaunchScreen.storyboard in Resources */,
				8284C6CB1E52D3BA00024E05 /* Assets.xcassets in Resources */,
				8284C6C91E52D3B900024E05 /* Main.storyboard in Resources */,
			);
			runOnlyForDeploymentPostprocessing = 0;
		};
/* End PBXResourcesBuildPhase section */

/* Begin PBXSourcesBuildPhase section */
		8284C6BC1E52D3B900024E05 /* Sources */ = {
			isa = PBXSourcesBuildPhase;
			buildActionMask = 2147483647;
			files = (
				8284C6C61E52D3B900024E05 /* ViewController.swift in Sources */,
				8284C6C41E52D3B900024E05 /* AppDelegate.swift in Sources */,
			);
			runOnlyForDeploymentPostprocessing = 0;
		};
/* End PBXSourcesBuildPhase section */

/* Begin PBXVariantGroup section */
		8284C6C71E52D3B900024E05 /* Main.storyboard */ = {
			isa = PBXVariantGroup;
			children = (
				8284C6C81E52D3B900024E05 /* Base */,
			);
			name = Main.storyboard;
			sourceTree = "<group>";
		};
		8284C6CC1E52D3BA00024E05 /* LaunchScreen.storyboard */ = {
			isa = PBXVariantGroup;
			children = (
				8284C6CD1E52D3BA00024E05 /* Base */,
			);
			name = LaunchScreen.storyboard;
			sourceTree = "<group>";
		};
/* End PBXVariantGroup section */

/* Begin XCBuildConfiguration section */
		8284C6D01E52D3BA00024E05 /* Debug */ = {
			isa = XCBuildConfiguration;
			buildSettings = {
				ALWAYS_SEARCH_USER_PATHS = NO;
				CLANG_ANALYZER_NONNULL = YES;
				CLANG_CXX_LANGUAGE_STANDARD = "gnu++0x";
				CLANG_CXX_LIBRARY = "libc++";
				CLANG_ENABLE_MODULES = YES;
				CLANG_ENABLE_OBJC_ARC = YES;
				CLANG_WARN_BOOL_CONVERSION = YES;
				CLANG_WARN_CONSTANT_CONVERSION = YES;
				CLANG_WARN_DIRECT_OBJC_ISA_USAGE = YES_ERROR;
				CLANG_WARN_DOCUMENTATION_COMMENTS = YES;
				CLANG_WARN_EMPTY_BODY = YES;
				CLANG_WARN_ENUM_CONVERSION = YES;
				CLANG_WARN_INFINITE_RECURSION = YES;
				CLANG_WARN_INT_CONVERSION = YES;
				CLANG_WARN_OBJC_ROOT_CLASS = YES_ERROR;
				CLANG_WARN_SUSPICIOUS_MOVE = YES;
				CLANG_WARN_UNREACHABLE_CODE = YES;
				CLANG_WARN__DUPLICATE_METHOD_MATCH = YES;
				"CODE_SIGN_IDENTITY[sdk=iphoneos*]" = "iPhone Developer";
				COPY_PHASE_STRIP = NO;
				DEBUG_INFORMATION_FORMAT = dwarf;
				ENABLE_STRICT_OBJC_MSGSEND = YES;
				ENABLE_TESTABILITY = YES;
				GCC_C_LANGUAGE_STANDARD = gnu99;
				GCC_DYNAMIC_NO_PIC = NO;
				GCC_NO_COMMON_BLOCKS = YES;
				GCC_OPTIMIZATION_LEVEL = 0;
				GCC_PREPROCESSOR_DEFINITIONS = (
					"DEBUG=1",
					"$(inherited)",
				);
				GCC_WARN_64_TO_32_BIT_CONVERSION = YES;
				GCC_WARN_ABOUT_RETURN_TYPE = YES_ERROR;
				GCC_WARN_UNDECLARED_SELECTOR = YES;
				GCC_WARN_UNINITIALIZED_AUTOS = YES_AGGRESSIVE;
				GCC_WARN_UNUSED_FUNCTION = YES;
				GCC_WARN_UNUSED_VARIABLE = YES;
				IPHONEOS_DEPLOYMENT_TARGET = 10.2;
				MTL_ENABLE_DEBUG_INFO = YES;
				ONLY_ACTIVE_ARCH = YES;
				SDKROOT = iphoneos;
				SWIFT_ACTIVE_COMPILATION_CONDITIONS = DEBUG;
				SWIFT_OPTIMIZATION_LEVEL = "-Onone";
			};
			name = Debug;
		};
		8284C6D11E52D3BA00024E05 /* Release */ = {
			isa = XCBuildConfiguration;
			buildSettings = {
				ALWAYS_SEARCH_USER_PATHS = NO;
				CLANG_ANALYZER_NONNULL = YES;
				CLANG_CXX_LANGUAGE_STANDARD = "gnu++0x";
				CLANG_CXX_LIBRARY = "libc++";
				CLANG_ENABLE_MODULES = YES;
				CLANG_ENABLE_OBJC_ARC = YES;
				CLANG_WARN_BOOL_CONVERSION = YES;
				CLANG_WARN_CONSTANT_CONVERSION = YES;
				CLANG_WARN_DIRECT_OBJC_ISA_USAGE = YES_ERROR;
				CLANG_WARN_DOCUMENTATION_COMMENTS = YES;
				CLANG_WARN_EMPTY_BODY = YES;
				CLANG_WARN_ENUM_CONVERSION = YES;
				CLANG_WARN_INFINITE_RECURSION = YES;
				CLANG_WARN_INT_CONVERSION = YES;
				CLANG_WARN_OBJC_ROOT_CLASS = YES_ERROR;
				CLANG_WARN_SUSPICIOUS_MOVE = YES;
				CLANG_WARN_UNREACHABLE_CODE = YES;
				CLANG_WARN__DUPLICATE_METHOD_MATCH = YES;
				"CODE_SIGN_IDENTITY[sdk=iphoneos*]" = "iPhone Developer";
				COPY_PHASE_STRIP = NO;
				DEBUG_INFORMATION_FORMAT = "dwarf-with-dsym";
				ENABLE_NS_ASSERTIONS = NO;
				ENABLE_STRICT_OBJC_MSGSEND = YES;
				GCC_C_LANGUAGE_STANDARD = gnu99;
				GCC_NO_COMMON_BLOCKS = YES;
				GCC_WARN_64_TO_32_BIT_CONVERSION = YES;
				GCC_WARN_ABOUT_RETURN_TYPE = YES_ERROR;
				GCC_WARN_UNDECLARED_SELECTOR = YES;
				GCC_WARN_UNINITIALIZED_AUTOS = YES_AGGRESSIVE;
				GCC_WARN_UNUSED_FUNCTION = YES;
				GCC_WARN_UNUSED_VARIABLE = YES;
				IPHONEOS_DEPLOYMENT_TARGET = 10.2;
				MTL_ENABLE_DEBUG_INFO = NO;
				SDKROOT = iphoneos;
				SWIFT_OPTIMIZATION_LEVEL = "-Owholemodule";
				VALIDATE_PRODUCT = YES;
			};
			name = Release;
		};
		8284C6D31E52D3BA00024E05 /* Debug */ = {
			isa = XCBuildConfiguration;
			buildSettings = {
				ASSETCATALOG_COMPILER_APPICON_NAME = AppIcon;
				DEVELOPMENT_TEAM = H5628LJ336;
				INFOPLIST_FILE = ActionSheetDemo/Info.plist;
				LD_RUNPATH_SEARCH_PATHS = "$(inherited) @executable_path/Frameworks";
				PRODUCT_BUNDLE_IDENTIFIER = com.drushti.ActionSheetDemo;
				PRODUCT_NAME = "$(TARGET_NAME)";
				SWIFT_VERSION = 3.0;
			};
			name = Debug;
		};
		8284C6D41E52D3BA00024E05 /* Release */ = {
			isa = XCBuildConfiguration;
			buildSettings = {
				ASSETCATALOG_COMPILER_APPICON_NAME = AppIcon;
				DEVELOPMENT_TEAM = H5628LJ336;
				INFOPLIST_FILE = ActionSheetDemo/Info.plist;
				LD_RUNPATH_SEARCH_PATHS = "$(inherited) @executable_path/Frameworks";
				PRODUCT_BUNDLE_IDENTIFIER = com.drushti.ActionSheetDemo;
				PRODUCT_NAME = "$(TARGET_NAME)";
				SWIFT_VERSION = 3.0;
			};
			name = Release;
		};
/* End XCBuildConfiguration section */

/* Begin XCConfigurationList section */
		8284C6BB1E52D3B900024E05 /* Build configuration list for PBXProject "ActionSheetDemo" */ = {
			isa = XCConfigurationList;
			buildConfigurations = (
				8284C6D01E52D3BA00024E05 /* Debug */,
				8284C6D11E52D3BA00024E05 /* Release */,
			);
			defaultConfigurationIsVisible = 0;
			defaultConfigurationName = Release;
		};
		8284C6D21E52D3BA00024E05 /* Build configuration list for PBXNativeTarget "ActionSheetDemo" */ = {
			isa = XCConfigurationList;
			buildConfigurations = (
				8284C6D31E52D3BA00024E05 /* Debug */,
				8284C6D41E52D3BA00024E05 /* Release */,
			);
			defaultConfigurationIsVisible = 0;
		};
/* End XCConfigurationList section */
	};
	rootObject = 8284C6B81E52D3B900024E05 /* Project object */;
}
